// !$*UTF8*$!
{
	archiveVersion = 1;
	classes = {
	};
	objectVersion = 48;
	objects = {

/* Begin PBXBuildFile section */
		9183A3D8207E356400691182 /* AppDelegate.swift in Sources */ = {isa = PBXBuildFile; fileRef = 9183A3D7207E356400691182 /* AppDelegate.swift */; };
		9183A3DA207E356400691182 /* ViewController.swift in Sources */ = {isa = PBXBuildFile; fileRef = 9183A3D9207E356400691182 /* ViewController.swift */; };
		9183A3DD207E356400691182 /* Main.storyboard in Resources */ = {isa = PBXBuildFile; fileRef = 9183A3DB207E356400691182 /* Main.storyboard */; };
		9183A3DF207E356400691182 /* Assets.xcassets in Resources */ = {isa = PBXBuildFile; fileRef = 9183A3DE207E356400691182 /* Assets.xcassets */; };
		9183A3E2207E356400691182 /* LaunchScreen.storyboard in Resources */ = {isa = PBXBuildFile; fileRef = 9183A3E0207E356400691182 /* LaunchScreen.storyboard */; };
		9183A3EA207E3AAE00691182 /* MovieDetailViewController.swift in Sources */ = {isa = PBXBuildFile; fileRef = 9183A3E9207E3AAE00691182 /* MovieDetailViewController.swift */; };
		9183A3EC207E3C5B00691182 /* Movie.swift in Sources */ = {isa = PBXBuildFile; fileRef = 9183A3EB207E3C5B00691182 /* Movie.swift */; };
		9183A3EE207E40C700691182 /* TableViewController.swift in Sources */ = {isa = PBXBuildFile; fileRef = 9183A3ED207E40C700691182 /* TableViewController.swift */; };
		9183A3F0207E418500691182 /* m1.jpg in Resources */ = {isa = PBXBuildFile; fileRef = 9183A3EF207E418500691182 /* m1.jpg */; };
		9183A3F2207E4B1D00691182 /* TableViewCell.swift in Sources */ = {isa = PBXBuildFile; fileRef = 9183A3F1207E4B1D00691182 /* TableViewCell.swift */; };
		9183A3F4207E507000691182 /* m2.jpeg in Resources */ = {isa = PBXBuildFile; fileRef = 9183A3F3207E507000691182 /* m2.jpeg */; };
		9183A3F6207E50E400691182 /* m3.jpg in Resources */ = {isa = PBXBuildFile; fileRef = 9183A3F5207E50E400691182 /* m3.jpg */; };
		9183A3F8207E514300691182 /* m4.jpeg in Resources */ = {isa = PBXBuildFile; fileRef = 9183A3F7207E514300691182 /* m4.jpeg */; };
/* End PBXBuildFile section */

/* Begin PBXFileReference section */
		9183A3D4207E356400691182 /* Top 5 Movies.app */ = {isa = PBXFileReference; explicitFileType = wrapper.application; includeInIndex = 0; path = "Top 5 Movies.app"; sourceTree = BUILT_PRODUCTS_DIR; };
		9183A3D7207E356400691182 /* AppDelegate.swift */ = {isa = PBXFileReference; lastKnownFileType = sourcecode.swift; path = AppDelegate.swift; sourceTree = "<group>"; };
		9183A3D9207E356400691182 /* ViewController.swift */ = {isa = PBXFileReference; lastKnownFileType = sourcecode.swift; path = ViewController.swift; sourceTree = "<group>"; };
		9183A3DC207E356400691182 /* Base */ = {isa = PBXFileReference; lastKnownFileType = file.storyboard; name = Base; path = Base.lproj/Main.storyboard; sourceTree = "<group>"; };
		9183A3DE207E356400691182 /* Assets.xcassets */ = {isa = PBXFileReference; lastKnownFileType = folder.assetcatalog; path = Assets.xcassets; sourceTree = "<group>"; };
		9183A3E1207E356400691182 /* Base */ = {isa = PBXFileReference; lastKnownFileType = file.storyboard; name = Base; path = Base.lproj/LaunchScreen.storyboard; sourceTree = "<group>"; };
		9183A3E3207E356400691182 /* Info.plist */ = {isa = PBXFileReference; lastKnownFileType = text.plist.xml; path = Info.plist; sourceTree = "<group>"; };
		9183A3E9207E3AAE00691182 /* MovieDetailViewController.swift */ = {isa = PBXFileReference; lastKnownFileType = sourcecode.swift; path = MovieDetailViewController.swift; sourceTree = "<group>"; };
		9183A3EB207E3C5B00691182 /* Movie.swift */ = {isa = PBXFileReference; lastKnownFileType = sourcecode.swift; path = Movie.swift; sourceTree = "<group>"; };
		9183A3ED207E40C700691182 /* TableViewController.swift */ = {isa = PBXFileReference; lastKnownFileType = sourcecode.swift; path = TableViewController.swift; sourceTree = "<group>"; };
		9183A3EF207E418500691182 /* m1.jpg */ = {isa = PBXFileReference; lastKnownFileType = image.jpeg; name = m1.jpg; path = ../../m1.jpg; sourceTree = "<group>"; };
		9183A3F1207E4B1D00691182 /* TableViewCell.swift */ = {isa = PBXFileReference; lastKnownFileType = sourcecode.swift; path = TableViewCell.swift; sourceTree = "<group>"; };
		9183A3F3207E507000691182 /* m2.jpeg */ = {isa = PBXFileReference; lastKnownFileType = image.jpeg; name = m2.jpeg; path = ../../m2.jpeg; sourceTree = "<group>"; };
		9183A3F5207E50E400691182 /* m3.jpg */ = {isa = PBXFileReference; lastKnownFileType = image.jpeg; name = m3.jpg; path = ../../m3.jpg; sourceTree = "<group>"; };
		9183A3F7207E514300691182 /* m4.jpeg */ = {isa = PBXFileReference; lastKnownFileType = image.jpeg; name = m4.jpeg; path = ../../m4.jpeg; sourceTree = "<group>"; };
/* End PBXFileReference section */

/* Begin PBXFrameworksBuildPhase section */
		9183A3D1207E356400691182 /* Frameworks */ = {
			isa = PBXFrameworksBuildPhase;
			buildActionMask = 2147483647;
			files = (
			);
			runOnlyForDeploymentPostprocessing = 0;
		};
/* End PBXFrameworksBuildPhase section */

/* Begin PBXGroup section */
		9183A3CB207E356400691182 = {
			isa = PBXGroup;
			children = (
				9183A3ED207E40C700691182 /* TableViewController.swift */,
				9183A3D6207E356400691182 /* Top 5 Movies */,
				9183A3D5207E356400691182 /* Products */,
			);
			sourceTree = "<group>";
		};
		9183A3D5207E356400691182 /* Products */ = {
			isa = PBXGroup;
			children = (
				9183A3D4207E356400691182 /* Top 5 Movies.app */,
			);
			name = Products;
			sourceTree = "<group>";
		};
		9183A3D6207E356400691182 /* Top 5 Movies */ = {
			isa = PBXGroup;
			children = (
				9183A3D7207E356400691182 /* AppDelegate.swift */,
				9183A3D9207E356400691182 /* ViewController.swift */,
				9183A3DB207E356400691182 /* Main.storyboard */,
				9183A3DE207E356400691182 /* Assets.xcassets */,
				9183A3E0207E356400691182 /* LaunchScreen.storyboard */,
				9183A3E3207E356400691182 /* Info.plist */,
				9183A3E9207E3AAE00691182 /* MovieDetailViewController.swift */,
				9183A3EB207E3C5B00691182 /* Movie.swift */,
				9183A3EF207E418500691182 /* m1.jpg */,
				9183A3F3207E507000691182 /* m2.jpeg */,
				9183A3F7207E514300691182 /* m4.jpeg */,
				9183A3F5207E50E400691182 /* m3.jpg */,
				9183A3F1207E4B1D00691182 /* TableViewCell.swift */,
			);
			path = "Top 5 Movies";
			sourceTree = "<group>";
		};
/* End PBXGroup section */

/* Begin PBXNativeTarget section */
		9183A3D3207E356400691182 /* Top 5 Movies */ = {
			isa = PBXNativeTarget;
			buildConfigurationList = 9183A3E6207E356500691182 /* Build configuration list for PBXNativeTarget "Top 5 Movies" */;
			buildPhases = (
				9183A3D0207E356400691182 /* Sources */,
				9183A3D1207E356400691182 /* Frameworks */,
				9183A3D2207E356400691182 /* Resources */,
			);
			buildRules = (
			);
			dependencies = (
			);
			name = "Top 5 Movies";
			productName = "Top 5 Movies";
			productReference = 9183A3D4207E356400691182 /* Top 5 Movies.app */;
			productType = "com.apple.product-type.application";
		};
/* End PBXNativeTarget section */

/* Begin PBXProject section */
		9183A3CC207E356400691182 /* Project object */ = {
			isa = PBXProject;
			attributes = {
				LastSwiftUpdateCheck = 0920;
				LastUpgradeCheck = 0920;
				ORGANIZATIONNAME = "Parikh Dhruvin S.";
				TargetAttributes = {
					9183A3D3207E356400691182 = {
						CreatedOnToolsVersion = 9.2;
						ProvisioningStyle = Automatic;
					};
				};
			};
			buildConfigurationList = 9183A3CF207E356400691182 /* Build configuration list for PBXProject "Top 5 Movies" */;
			compatibilityVersion = "Xcode 8.0";
			developmentRegion = en;
			hasScannedForEncodings = 0;
			knownRegions = (
				en,
				Base,
			);
			mainGroup = 9183A3CB207E356400691182;
			productRefGroup = 9183A3D5207E356400691182 /* Products */;
			projectDirPath = "";
			projectRoot = "";
			targets = (
				9183A3D3207E356400691182 /* Top 5 Movies */,
			);
		};
/* End PBXProject section */

/* Begin PBXResourcesBuildPhase section */
		9183A3D2207E356400691182 /* Resources */ = {
			isa = PBXResourcesBuildPhase;
			buildActionMask = 2147483647;
			files = (
				9183A3E2207E356400691182 /* LaunchScreen.storyboard in Resources */,
				9183A3F8207E514300691182 /* m4.jpeg in Resources */,
				9183A3F6207E50E400691182 /* m3.jpg in Resources */,
				9183A3DF207E356400691182 /* Assets.xcassets in Resources */,
				9183A3F4207E507000691182 /* m2.jpeg in Resources */,
				9183A3DD207E356400691182 /* Main.storyboard in Resources */,
				9183A3F0207E418500691182 /* m1.jpg in Resources */,
			);
			runOnlyForDeploymentPostprocessing = 0;
		};
/* End PBXResourcesBuildPhase section */

/* Begin PBXSourcesBuildPhase section */
		9183A3D0207E356400691182 /* Sources */ = {
			isa = PBXSourcesBuildPhase;
			buildActionMask = 2147483647;
			files = (
				9183A3DA207E356400691182 /* ViewController.swift in Sources */,
				9183A3EA207E3AAE00691182 /* MovieDetailViewController.swift in Sources */,
				9183A3EC207E3C5B00691182 /* Movie.swift in Sources */,
				9183A3F2207E4B1D00691182 /* TableViewCell.swift in Sources */,
				9183A3EE207E40C700691182 /* TableViewController.swift in Sources */,
				9183A3D8207E356400691182 /* AppDelegate.swift in Sources */,
			);
			runOnlyForDeploymentPostprocessing = 0;
		};
/* End PBXSourcesBuildPhase section */

/* Begin PBXVariantGroup section */
		9183A3DB207E356400691182 /* Main.storyboard */ = {
			isa = PBXVariantGroup;
			children = (
				9183A3DC207E356400691182 /* Base */,
			);
			name = Main.storyboard;
			sourceTree = "<group>";
		};
		9183A3E0207E356400691182 /* LaunchScreen.storyboard */ = {
			isa = PBXVariantGroup;
			children = (
				9183A3E1207E356400691182 /* Base */,
			);
			name = LaunchScreen.storyboard;
			sourceTree = "<group>";
		};
/* End PBXVariantGroup section */

/* Begin XCBuildConfiguration section */
		9183A3E4207E356400691182 /* Debug */ = {
			isa = XCBuildConfiguration;
			buildSettings = {
				ALWAYS_SEARCH_USER_PATHS = NO;
				CLANG_ANALYZER_NONNULL = YES;
				CLANG_ANALYZER_NUMBER_OBJECT_CONVERSION = YES_AGGRESSIVE;
				CLANG_CXX_LANGUAGE_STANDARD = "gnu++14";
				CLANG_CXX_LIBRARY = "libc++";
				CLANG_ENABLE_MODULES = YES;
				CLANG_ENABLE_OBJC_ARC = YES;
				CLANG_WARN_BLOCK_CAPTURE_AUTORELEASING = YES;
				CLANG_WARN_BOOL_CONVERSION = YES;
				CLANG_WARN_COMMA = YES;
				CLANG_WARN_CONSTANT_CONVERSION = YES;
				CLANG_WARN_DIRECT_OBJC_ISA_USAGE = YES_ERROR;
				CLANG_WARN_DOCUMENTATION_COMMENTS = YES;
				CLANG_WARN_EMPTY_BODY = YES;
				CLANG_WARN_ENUM_CONVERSION = YES;
				CLANG_WARN_INFINITE_RECURSION = YES;
				CLANG_WARN_INT_CONVERSION = YES;
				CLANG_WARN_NON_LITERAL_NULL_CONVERSION = YES;
				CLANG_WARN_OBJC_LITERAL_CONVERSION = YES;
				CLANG_WARN_OBJC_ROOT_CLASS = YES_ERROR;
				CLANG_WARN_RANGE_LOOP_ANALYSIS = YES;
				CLANG_WARN_STRICT_PROTOTYPES = YES;
				CLANG_WARN_SUSPICIOUS_MOVE = YES;
				CLANG_WARN_UNGUARDED_AVAILABILITY = YES_AGGRESSIVE;
				CLANG_WARN_UNREACHABLE_CODE = YES;
				CLANG_WARN__DUPLICATE_METHOD_MATCH = YES;
				CODE_SIGN_IDENTITY = "iPhone Developer";
				COPY_PHASE_STRIP = NO;
				DEBUG_INFORMATION_FORMAT = dwarf;
				ENABLE_STRICT_OBJC_MSGSEND = YES;
				ENABLE_TESTABILITY = YES;
				GCC_C_LANGUAGE_STANDARD = gnu11;
				GCC_DYNAMIC_NO_PIC = NO;
				GCC_NO_COMMON_BLOCKS = YES;
				GCC_OPTIMIZATION_LEVEL = 0;
				GCC_PREPROCESSOR_DEFINITIONS = (
					"DEBUG=1",
					"$(inherited)",
				);
				GCC_WARN_64_TO_32_BIT_CONVERSION = YES;
				GCC_WARN_ABOUT_RETURN_TYPE = YES_ERROR;
				GCC_WARN_UNDECLARED_SELECTOR = YES;
				GCC_WARN_UNINITIALIZED_AUTOS = YES_AGGRESSIVE;
				GCC_WARN_UNUSED_FUNCTION = YES;
				GCC_WARN_UNUSED_VARIABLE = YES;
				IPHONEOS_DEPLOYMENT_TARGET = 11.2;
				MTL_ENABLE_DEBUG_INFO = YES;
				ONLY_ACTIVE_ARCH = YES;
				SDKROOT = iphoneos;
				SWIFT_ACTIVE_COMPILATION_CONDITIONS = DEBUG;
				SWIFT_OPTIMIZATION_LEVEL = "-Onone";
			};
			name = Debug;
		};
		9183A3E5207E356400691182 /* Release */ = {
			isa = XCBuildConfiguration;
			buildSettings = {
				ALWAYS_SEARCH_USER_PATHS = NO;
				CLANG_ANALYZER_NONNULL = YES;
				CLANG_ANALYZER_NUMBER_OBJECT_CONVERSION = YES_AGGRESSIVE;
				CLANG_CXX_LANGUAGE_STANDARD = "gnu++14";
				CLANG_CXX_LIBRARY = "libc++";
				CLANG_ENABLE_MODULES = YES;
				CLANG_ENABLE_OBJC_ARC = YES;
				CLANG_WARN_BLOCK_CAPTURE_AUTORELEASING = YES;
				CLANG_WARN_BOOL_CONVERSION = YES;
				CLANG_WARN_COMMA = YES;
				CLANG_WARN_CONSTANT_CONVERSION = YES;
				CLANG_WARN_DIRECT_OBJC_ISA_USAGE = YES_ERROR;
				CLANG_WARN_DOCUMENTATION_COMMENTS = YES;
				CLANG_WARN_EMPTY_BODY = YES;
				CLANG_WARN_ENUM_CONVERSION = YES;
				CLANG_WARN_INFINITE_RECURSION = YES;
				CLANG_WARN_INT_CONVERSION = YES;
				CLANG_WARN_NON_LITERAL_NULL_CONVERSION = YES;
				CLANG_WARN_OBJC_LITERAL_CONVERSION = YES;
				CLANG_WARN_OBJC_ROOT_CLASS = YES_ERROR;
				CLANG_WARN_RANGE_LOOP_ANALYSIS = YES;
				CLANG_WARN_STRICT_PROTOTYPES = YES;
				CLANG_WARN_SUSPICIOUS_MOVE = YES;
				CLANG_WARN_UNGUARDED_AVAILABILITY = YES_AGGRESSIVE;
				CLANG_WARN_UNREACHABLE_CODE = YES;
				CLANG_WARN__DUPLICATE_METHOD_MATCH = YES;
				CODE_SIGN_IDENTITY = "iPhone Developer";
				COPY_PHASE_STRIP = NO;
				DEBUG_INFORMATION_FORMAT = "dwarf-with-dsym";
				ENABLE_NS_ASSERTIONS = NO;
				ENABLE_STRICT_OBJC_MSGSEND = YES;
				GCC_C_LANGUAGE_STANDARD = gnu11;
				GCC_NO_COMMON_BLOCKS = YES;
				GCC_WARN_64_TO_32_BIT_CONVERSION = YES;
				GCC_WARN_ABOUT_RETURN_TYPE = YES_ERROR;
				GCC_WARN_UNDECLARED_SELECTOR = YES;
				GCC_WARN_UNINITIALIZED_AUTOS = YES_AGGRESSIVE;
				GCC_WARN_UNUSED_FUNCTION = YES;
				GCC_WARN_UNUSED_VARIABLE = YES;
				IPHONEOS_DEPLOYMENT_TARGET = 11.2;
				MTL_ENABLE_DEBUG_INFO = NO;
				SDKROOT = iphoneos;
				SWIFT_OPTIMIZATION_LEVEL = "-Owholemodule";
				VALIDATE_PRODUCT = YES;
			};
			name = Release;
		};
		9183A3E7207E356500691182 /* Debug */ = {
			isa = XCBuildConfiguration;
			buildSettings = {
				ASSETCATALOG_COMPILER_APPICON_NAME = AppIcon;
				CODE_SIGN_STYLE = Automatic;
				INFOPLIST_FILE = "Top 5 Movies/Info.plist";
				LD_RUNPATH_SEARCH_PATHS = "$(inherited) @executable_path/Frameworks";
				PRODUCT_BUNDLE_IDENTIFIER = "humber.Top-5-Movies";
				PRODUCT_NAME = "$(TARGET_NAME)";
				SWIFT_VERSION = 4.0;
				TARGETED_DEVICE_FAMILY = "1,2";
			};
			name = Debug;
		};
		9183A3E8207E356500691182 /* Release */ = {
			isa = XCBuildConfiguration;
			buildSettings = {
				ASSETCATALOG_COMPILER_APPICON_NAME = AppIcon;
				CODE_SIGN_STYLE = Automatic;
				INFOPLIST_FILE = "Top 5 Movies/Info.plist";
				LD_RUNPATH_SEARCH_PATHS = "$(inherited) @executable_path/Frameworks";
				PRODUCT_BUNDLE_IDENTIFIER = "humber.Top-5-Movies";
				PRODUCT_NAME = "$(TARGET_NAME)";
				SWIFT_VERSION = 4.0;
				TARGETED_DEVICE_FAMILY = "1,2";
			};
			name = Release;
		};
/* End XCBuildConfiguration section */

/* Begin XCConfigurationList section */
		9183A3CF207E356400691182 /* Build configuration list for PBXProject "Top 5 Movies" */ = {
			isa = XCConfigurationList;
			buildConfigurations = (
				9183A3E4207E356400691182 /* Debug */,
				9183A3E5207E356400691182 /* Release */,
			);
			defaultConfigurationIsVisible = 0;
			defaultConfigurationName = Release;
		};
		9183A3E6207E356500691182 /* Build configuration list for PBXNativeTarget "Top 5 Movies" */ = {
			isa = XCConfigurationList;
			buildConfigurations = (
				9183A3E7207E356500691182 /* Debug */,
				9183A3E8207E356500691182 /* Release */,
			);
			defaultConfigurationIsVisible = 0;
			defaultConfigurationName = Release;
		};
/* End XCConfigurationList section */
	};
	rootObject = 9183A3CC207E356400691182 /* Project object */;
}
